
Microsoft Visual Studio Solution File, Format Version 12.00
# Visual Studio Version 17
VisualStudioVersion = 17.1.32319.34
MinimumVisualStudioVersion = 10.0.40219.1
Project("{9A19103F-16F7-4668-BE54-9A1E7A4F7556}") = "MineServer", "MineServer\MineServer.csproj", "{4AF9D621-E2F1-4B77-B298-3B092C6D72F5}"
EndProject
Project("{9A19103F-16F7-4668-BE54-9A1E7A4F7556}") = "SpiderTool", "SpiderTool\SpiderTool.csproj", "{820D7E40-7C83-472D-8229-898C98F598BC}"
EndProject
Project("{9A19103F-16F7-4668-BE54-9A1E7A4F7556}") = "SpiderWin", "SpiderWin\SpiderWin.csproj", "{304B01E8-DF83-4250-962E-CD3A30D921E0}"
EndProject
Project("{9A19103F-16F7-4668-BE54-9A1E7A4F7556}") = "SpiderTool.EntityFrameworkCore", "SpiderTool.EntityFrameworkCore\SpiderTool.EntityFrameworkCore.csproj", "{27B192BD-2E0A-42F8-A803-642FB96102B0}"
EndProject
Project("{9A19103F-16F7-4668-BE54-9A1E7A4F7556}") = "SpiderTool.Dapper", "SpiderTool.Dapper\SpiderTool.Dapper.csproj", "{3712DDB6-13DE-4916-B447-EC74333BB209}"
EndProject
Project("{2150E333-8FDC-42A3-9474-1A3956D46DE8}") = "Solution", "Solution", "{570530B1-8C31-4BAA-8A1E-434052A7403A}"
	ProjectSection(SolutionItems) = preProject
		Solution\mysql.sql = Solution\mysql.sql
		Solution\NuGet.Config = Solution\NuGet.Config
		Solution\sqlite.sql = Solution\sqlite.sql
		规范笔记.txt = 规范笔记.txt
	EndProjectSection
EndProject
Project("{9A19103F-16F7-4668-BE54-9A1E7A4F7556}") = "SpiderTool.SqlSugar", "SpiderTool.SqlSuger\SpiderTool.SqlSugar.csproj", "{D5DB4A5F-26BB-4437-803D-190AD824779F}"
EndProject
Project("{2150E333-8FDC-42A3-9474-1A3956D46DE8}") = "Services", "Services", "{2226B7E3-B2D1-4FC5-8554-35A396574902}"
EndProject
Project("{9A19103F-16F7-4668-BE54-9A1E7A4F7556}") = "SpiderService", "SpiderService\SpiderService.csproj", "{E7888030-414F-4E72-9A28-A01B7467F3D2}"
EndProject
Project("{2150E333-8FDC-42A3-9474-1A3956D46DE8}") = "Protos", "Protos", "{4D9AEC46-0ECF-4995-9DD7-AC568260561C}"
	ProjectSection(SolutionItems) = preProject
		Protos\spider.proto = Protos\spider.proto
	EndProjectSection
EndProject
Project("{9A19103F-16F7-4668-BE54-9A1E7A4F7556}") = "SpiderRemoteServiceClient", "SpiderRemoteServiceClient\SpiderRemoteServiceClient.csproj", "{2F66A09A-320E-41B1-A6FE-3AEAA5C2BEC5}"
EndProject
Project("{9A19103F-16F7-4668-BE54-9A1E7A4F7556}") = "SpiderTool.Data", "SpiderTool.Data\SpiderTool.Data.csproj", "{FB62FD43-8313-49B6-808C-15D5D2748F5F}"
EndProject
Project("{2150E333-8FDC-42A3-9474-1A3956D46DE8}") = "Gateways", "Gateways", "{CA042AFA-A816-46AA-B722-BF0D2751F087}"
EndProject
Project("{9A19103F-16F7-4668-BE54-9A1E7A4F7556}") = "SpiderTool.MongoDB", "SpiderTool.MongoDB\SpiderTool.MongoDB.csproj", "{CD55B066-71C1-46CE-819D-A27088F4ABDC}"
EndProject
Project("{2150E333-8FDC-42A3-9474-1A3956D46DE8}") = "dynamic", "dynamic", "{5A653E6B-526E-494A-984A-0866340AF109}"
	ProjectSection(SolutionItems) = preProject
		Gateways\dynamic\cds.yml = Gateways\dynamic\cds.yml
		Gateways\dynamic\eds.yml = Gateways\dynamic\eds.yml
		Gateways\dynamic\envoy.yaml = Gateways\dynamic\envoy.yaml
		Gateways\dynamic\lds.yml = Gateways\dynamic\lds.yml
		Gateways\dynamic\rds.yml = Gateways\dynamic\rds.yml
	EndProjectSection
EndProject
Project("{2150E333-8FDC-42A3-9474-1A3956D46DE8}") = "static", "static", "{542F01C7-EEE9-4899-9C5D-D672313C9E0D}"
	ProjectSection(SolutionItems) = preProject
		Gateways\static\envoy.yaml = Gateways\static\envoy.yaml
	EndProjectSection
EndProject
Global
	GlobalSection(SolutionConfigurationPlatforms) = preSolution
		Debug|Any CPU = Debug|Any CPU
		Release|Any CPU = Release|Any CPU
	EndGlobalSection
	GlobalSection(ProjectConfigurationPlatforms) = postSolution
		{4AF9D621-E2F1-4B77-B298-3B092C6D72F5}.Debug|Any CPU.ActiveCfg = Debug|Any CPU
		{4AF9D621-E2F1-4B77-B298-3B092C6D72F5}.Debug|Any CPU.Build.0 = Debug|Any CPU
		{4AF9D621-E2F1-4B77-B298-3B092C6D72F5}.Release|Any CPU.ActiveCfg = Release|Any CPU
		{4AF9D621-E2F1-4B77-B298-3B092C6D72F5}.Release|Any CPU.Build.0 = Release|Any CPU
		{820D7E40-7C83-472D-8229-898C98F598BC}.Debug|Any CPU.ActiveCfg = Debug|Any CPU
		{820D7E40-7C83-472D-8229-898C98F598BC}.Debug|Any CPU.Build.0 = Debug|Any CPU
		{820D7E40-7C83-472D-8229-898C98F598BC}.Release|Any CPU.ActiveCfg = Release|Any CPU
		{820D7E40-7C83-472D-8229-898C98F598BC}.Release|Any CPU.Build.0 = Release|Any CPU
		{304B01E8-DF83-4250-962E-CD3A30D921E0}.Debug|Any CPU.ActiveCfg = Debug|Any CPU
		{304B01E8-DF83-4250-962E-CD3A30D921E0}.Debug|Any CPU.Build.0 = Debug|Any CPU
		{304B01E8-DF83-4250-962E-CD3A30D921E0}.Release|Any CPU.ActiveCfg = Release|Any CPU
		{304B01E8-DF83-4250-962E-CD3A30D921E0}.Release|Any CPU.Build.0 = Release|Any CPU
		{27B192BD-2E0A-42F8-A803-642FB96102B0}.Debug|Any CPU.ActiveCfg = Debug|Any CPU
		{27B192BD-2E0A-42F8-A803-642FB96102B0}.Debug|Any CPU.Build.0 = Debug|Any CPU
		{27B192BD-2E0A-42F8-A803-642FB96102B0}.Release|Any CPU.ActiveCfg = Release|Any CPU
		{27B192BD-2E0A-42F8-A803-642FB96102B0}.Release|Any CPU.Build.0 = Release|Any CPU
		{3712DDB6-13DE-4916-B447-EC74333BB209}.Debug|Any CPU.ActiveCfg = Debug|Any CPU
		{3712DDB6-13DE-4916-B447-EC74333BB209}.Debug|Any CPU.Build.0 = Debug|Any CPU
		{3712DDB6-13DE-4916-B447-EC74333BB209}.Release|Any CPU.ActiveCfg = Release|Any CPU
		{3712DDB6-13DE-4916-B447-EC74333BB209}.Release|Any CPU.Build.0 = Release|Any CPU
		{D5DB4A5F-26BB-4437-803D-190AD824779F}.Debug|Any CPU.ActiveCfg = Debug|Any CPU
		{D5DB4A5F-26BB-4437-803D-190AD824779F}.Debug|Any CPU.Build.0 = Debug|Any CPU
		{D5DB4A5F-26BB-4437-803D-190AD824779F}.Release|Any CPU.ActiveCfg = Release|Any CPU
		{D5DB4A5F-26BB-4437-803D-190AD824779F}.Release|Any CPU.Build.0 = Release|Any CPU
		{E7888030-414F-4E72-9A28-A01B7467F3D2}.Debug|Any CPU.ActiveCfg = Debug|Any CPU
		{E7888030-414F-4E72-9A28-A01B7467F3D2}.Debug|Any CPU.Build.0 = Debug|Any CPU
		{E7888030-414F-4E72-9A28-A01B7467F3D2}.Release|Any CPU.ActiveCfg = Release|Any CPU
		{E7888030-414F-4E72-9A28-A01B7467F3D2}.Release|Any CPU.Build.0 = Release|Any CPU
		{2F66A09A-320E-41B1-A6FE-3AEAA5C2BEC5}.Debug|Any CPU.ActiveCfg = Debug|Any CPU
		{2F66A09A-320E-41B1-A6FE-3AEAA5C2BEC5}.Debug|Any CPU.Build.0 = Debug|Any CPU
		{2F66A09A-320E-41B1-A6FE-3AEAA5C2BEC5}.Release|Any CPU.ActiveCfg = Release|Any CPU
		{2F66A09A-320E-41B1-A6FE-3AEAA5C2BEC5}.Release|Any CPU.Build.0 = Release|Any CPU
		{FB62FD43-8313-49B6-808C-15D5D2748F5F}.Debug|Any CPU.ActiveCfg = Debug|Any CPU
		{FB62FD43-8313-49B6-808C-15D5D2748F5F}.Debug|Any CPU.Build.0 = Debug|Any CPU
		{FB62FD43-8313-49B6-808C-15D5D2748F5F}.Release|Any CPU.ActiveCfg = Release|Any CPU
		{FB62FD43-8313-49B6-808C-15D5D2748F5F}.Release|Any CPU.Build.0 = Release|Any CPU
		{CD55B066-71C1-46CE-819D-A27088F4ABDC}.Debug|Any CPU.ActiveCfg = Debug|Any CPU
		{CD55B066-71C1-46CE-819D-A27088F4ABDC}.Debug|Any CPU.Build.0 = Debug|Any CPU
		{CD55B066-71C1-46CE-819D-A27088F4ABDC}.Release|Any CPU.ActiveCfg = Release|Any CPU
		{CD55B066-71C1-46CE-819D-A27088F4ABDC}.Release|Any CPU.Build.0 = Release|Any CPU
	EndGlobalSection
	GlobalSection(SolutionProperties) = preSolution
		HideSolutionNode = FALSE
	EndGlobalSection
	GlobalSection(NestedProjects) = preSolution
		{E7888030-414F-4E72-9A28-A01B7467F3D2} = {2226B7E3-B2D1-4FC5-8554-35A396574902}
		{2F66A09A-320E-41B1-A6FE-3AEAA5C2BEC5} = {2226B7E3-B2D1-4FC5-8554-35A396574902}
		{5A653E6B-526E-494A-984A-0866340AF109} = {CA042AFA-A816-46AA-B722-BF0D2751F087}
		{542F01C7-EEE9-4899-9C5D-D672313C9E0D} = {CA042AFA-A816-46AA-B722-BF0D2751F087}
	EndGlobalSection
	GlobalSection(ExtensibilityGlobals) = postSolution
		SolutionGuid = {0F8B381A-A723-4F3E-9B5B-2865B1799CDE}
	EndGlobalSection
EndGlobal
